Microsoft Visual Studio Solution File, Format Version 11.00
# Visual Studio 2008

Project("{225BF3D9-290B-5F53-6B2E-442259E78652}") = "Carousel", "Assembly-CSharp.csproj", "{FA0F2708-C71B-C200-8612-3755A2B406A9}"
EndProject
Global
	GlobalSection(SolutionConfigurationPlatforms) = preSolution
		Debug|Any CPU = Debug|Any CPU
		Release|Any CPU = Release|Any CPU
	EndGlobalSection
	GlobalSection(ProjectConfigurationPlatforms) = postSolution
		{FA0F2708-C71B-C200-8612-3755A2B406A9}.Debug|Any CPU.ActiveCfg = Debug|Any CPU
		{FA0F2708-C71B-C200-8612-3755A2B406A9}.Debug|Any CPU.Build.0 = Debug|Any CPU
		{FA0F2708-C71B-C200-8612-3755A2B406A9}.Release|Any CPU.ActiveCfg = Release|Any CPU
		{FA0F2708-C71B-C200-8612-3755A2B406A9}.Release|Any CPU.Build.0 = Release|Any CPU
	EndGlobalSection
	GlobalSection(SolutionProperties) = preSolution
		HideSolutionNode = FALSE
	EndGlobalSection
																																																																																																																																																																																																																																																																																																																																																																																																																																																																																																		GlobalSection(MonoDevelopProperties) = preSolution
		StartupItem = Assembly-CSharp.csproj
		Policies = $0
		$0.TextStylePolicy = $1
		$1.inheritsSet = VisualStudio
		$1.inheritsScope = text/plain
		$1.scope = text/x-csharp
		$0.CSharpFormattingPolicy = $2
		$2.IndentSwitchBody = True
		$2.AnonymousMethodBraceStyle = NextLine
		$2.PropertyBraceStyle = NextLine
		$2.PropertyGetBraceStyle = NextLine
		$2.PropertySetBraceStyle = NextLine
		$2.EventBraceStyle = NextLine
		$2.EventAddBraceStyle = NextLine
		$2.EventRemoveBraceStyle = NextLine
		$2.StatementBraceStyle = NextLine
		$2.ArrayInitializerBraceStyle = NextLine
		$2.BeforeMethodDeclarationParentheses = True
		$2.BeforeMethodCallParentheses = True
		$2.BeforeConstructorDeclarationParentheses = True
		$2.BeforeDelegateDeclarationParentheses = True
		$2.NewParentheses = True
		$2.inheritsSet = Mono
		$2.inheritsScope = text/x-csharp
		$2.scope = text/x-csharp
		$0.TextStylePolicy = $3
		$3.FileWidth = 120
		$3.TabsToSpaces = False
		$3.EolMarker = Unix
		$3.inheritsSet = VisualStudio
		$3.inheritsScope = text/plain
		$3.scope = text/plain
	EndGlobalSection

EndGlobal
